// !$*UTF8*$!
{
	archiveVersion = 1;
	classes = {
	};
	objectVersion = 55;
	objects = {

/* Begin PBXBuildFile section */
		D47EBB5C283425130045A686 /* error.c in Sources */ = {isa = PBXBuildFile; fileRef = D47EBB5B283425130045A686 /* error.c */; };
		D47EBB5F2835A6000045A686 /* options.c in Sources */ = {isa = PBXBuildFile; fileRef = D47EBB5E2835A6000045A686 /* options.c */; };
		D47EBB622835AA680045A686 /* memory.c in Sources */ = {isa = PBXBuildFile; fileRef = D47EBB612835AA680045A686 /* memory.c */; };
		D47EBB652835ED340045A686 /* csv.c in Sources */ = {isa = PBXBuildFile; fileRef = D47EBB642835ED340045A686 /* csv.c */; };
		D49703082831C92800CD0FED /* Contacts.framework in Frameworks */ = {isa = PBXBuildFile; fileRef = D49703072831C92800CD0FED /* Contacts.framework */; };
		D497030C2831F27700CD0FED /* main.m in Sources */ = {isa = PBXBuildFile; fileRef = D497030B2831F27700CD0FED /* main.m */; };
		D497030F2832FD4C00CD0FED /* apple_contacts.m in Sources */ = {isa = PBXBuildFile; fileRef = D497030E2832FD4C00CD0FED /* apple_contacts.m */; };
		D497031D283311BB00CD0FED /* contacts.c in Sources */ = {isa = PBXBuildFile; fileRef = D497031C283311BB00CD0FED /* contacts.c */; };
/* End PBXBuildFile section */

/* Begin PBXCopyFilesBuildPhase section */
		D49702FA2831C89900CD0FED /* CopyFiles */ = {
			isa = PBXCopyFilesBuildPhase;
			buildActionMask = 2147483647;
			dstPath = /usr/share/man/man1/;
			dstSubfolderSpec = 0;
			files = (
			);
			runOnlyForDeploymentPostprocessing = 1;
		};
/* End PBXCopyFilesBuildPhase section */

/* Begin PBXFileReference section */
		D47EBB5A283425130045A686 /* error.h */ = {isa = PBXFileReference; lastKnownFileType = sourcecode.c.h; path = error.h; sourceTree = "<group>"; };
		D47EBB5B283425130045A686 /* error.c */ = {isa = PBXFileReference; lastKnownFileType = sourcecode.c.c; path = error.c; sourceTree = "<group>"; };
		D47EBB5D2835A6000045A686 /* options.h */ = {isa = PBXFileReference; lastKnownFileType = sourcecode.c.h; path = options.h; sourceTree = "<group>"; };
		D47EBB5E2835A6000045A686 /* options.c */ = {isa = PBXFileReference; lastKnownFileType = sourcecode.c.c; path = options.c; sourceTree = "<group>"; };
		D47EBB602835AA680045A686 /* memory.h */ = {isa = PBXFileReference; lastKnownFileType = sourcecode.c.h; path = memory.h; sourceTree = "<group>"; };
		D47EBB612835AA680045A686 /* memory.c */ = {isa = PBXFileReference; lastKnownFileType = sourcecode.c.c; path = memory.c; sourceTree = "<group>"; };
		D47EBB632835ED340045A686 /* csv.h */ = {isa = PBXFileReference; lastKnownFileType = sourcecode.c.h; path = csv.h; sourceTree = "<group>"; };
		D47EBB642835ED340045A686 /* csv.c */ = {isa = PBXFileReference; lastKnownFileType = sourcecode.c.c; path = csv.c; sourceTree = "<group>"; };
		D49702FC2831C89900CD0FED /* klondike */ = {isa = PBXFileReference; explicitFileType = "compiled.mach-o.executable"; includeInIndex = 0; path = klondike; sourceTree = BUILT_PRODUCTS_DIR; };
		D49703072831C92800CD0FED /* Contacts.framework */ = {isa = PBXFileReference; lastKnownFileType = wrapper.framework; name = Contacts.framework; path = System/Library/Frameworks/Contacts.framework; sourceTree = SDKROOT; };
		D497030A2831F01900CD0FED /* README.md */ = {isa = PBXFileReference; lastKnownFileType = net.daringfireball.markdown; path = README.md; sourceTree = "<group>"; };
		D497030B2831F27700CD0FED /* main.m */ = {isa = PBXFileReference; fileEncoding = 4; lastKnownFileType = sourcecode.c.objc; path = main.m; sourceTree = "<group>"; };
		D497030D2831F2B500CD0FED /* klondike.entitlements */ = {isa = PBXFileReference; lastKnownFileType = text.plist.entitlements; path = klondike.entitlements; sourceTree = "<group>"; };
		D497030E2832FD4C00CD0FED /* apple_contacts.m */ = {isa = PBXFileReference; lastKnownFileType = sourcecode.c.objc; path = apple_contacts.m; sourceTree = "<group>"; };
		D49703102832FD5D00CD0FED /* apple_contacts.h */ = {isa = PBXFileReference; lastKnownFileType = sourcecode.c.h; path = apple_contacts.h; sourceTree = "<group>"; };
		D49703112832FE8900CD0FED /* contact.h */ = {isa = PBXFileReference; lastKnownFileType = sourcecode.c.h; path = contact.h; sourceTree = "<group>"; };
		D49703142832FEED00CD0FED /* contact_type.h */ = {isa = PBXFileReference; lastKnownFileType = sourcecode.c.h; path = contact_type.h; sourceTree = "<group>"; };
		D49703152833015300CD0FED /* email.h */ = {isa = PBXFileReference; lastKnownFileType = sourcecode.c.h; path = email.h; sourceTree = "<group>"; };
		D49703182833018D00CD0FED /* phone.h */ = {isa = PBXFileReference; lastKnownFileType = sourcecode.c.h; path = phone.h; sourceTree = "<group>"; };
		D497031B283311BB00CD0FED /* contacts.h */ = {isa = PBXFileReference; lastKnownFileType = sourcecode.c.h; path = contacts.h; sourceTree = "<group>"; };
		D497031C283311BB00CD0FED /* contacts.c */ = {isa = PBXFileReference; lastKnownFileType = sourcecode.c.c; path = contacts.c; sourceTree = "<group>"; };
/* End PBXFileReference section */

/* Begin PBXFrameworksBuildPhase section */
		D49702F92831C89900CD0FED /* Frameworks */ = {
			isa = PBXFrameworksBuildPhase;
			buildActionMask = 2147483647;
			files = (
				D49703082831C92800CD0FED /* Contacts.framework in Frameworks */,
			);
			runOnlyForDeploymentPostprocessing = 0;
		};
/* End PBXFrameworksBuildPhase section */

/* Begin PBXGroup section */
		D49702F32831C89800CD0FED = {
			isa = PBXGroup;
			children = (
				D49703102832FD5D00CD0FED /* apple_contacts.h */,
				D497030E2832FD4C00CD0FED /* apple_contacts.m */,
				D49703112832FE8900CD0FED /* contact.h */,
				D49703142832FEED00CD0FED /* contact_type.h */,
				D497031B283311BB00CD0FED /* contacts.h */,
				D497031C283311BB00CD0FED /* contacts.c */,
				D47EBB632835ED340045A686 /* csv.h */,
				D47EBB642835ED340045A686 /* csv.c */,
				D49703152833015300CD0FED /* email.h */,
				D47EBB5A283425130045A686 /* error.h */,
				D47EBB5B283425130045A686 /* error.c */,
				D497030D2831F2B500CD0FED /* klondike.entitlements */,
				D497030B2831F27700CD0FED /* main.m */,
				D47EBB602835AA680045A686 /* memory.h */,
				D47EBB612835AA680045A686 /* memory.c */,
				D47EBB5D2835A6000045A686 /* options.h */,
				D47EBB5E2835A6000045A686 /* options.c */,
				D49703182833018D00CD0FED /* phone.h */,
				D497030A2831F01900CD0FED /* README.md */,
				D49702FD2831C89900CD0FED /* Products */,
				D49703062831C92800CD0FED /* Frameworks */,
			);
			sourceTree = "<group>";
		};
		D49702FD2831C89900CD0FED /* Products */ = {
			isa = PBXGroup;
			children = (
				D49702FC2831C89900CD0FED /* klondike */,
			);
			name = Products;
			sourceTree = "<group>";
		};
		D49703062831C92800CD0FED /* Frameworks */ = {
			isa = PBXGroup;
			children = (
				D49703072831C92800CD0FED /* Contacts.framework */,
			);
			name = Frameworks;
			sourceTree = "<group>";
		};
/* End PBXGroup section */

/* Begin PBXNativeTarget section */
		D49702FB2831C89900CD0FED /* klondike */ = {
			isa = PBXNativeTarget;
			buildConfigurationList = D49703032831C89900CD0FED /* Build configuration list for PBXNativeTarget "klondike" */;
			buildPhases = (
				D49702F82831C89900CD0FED /* Sources */,
				D49702F92831C89900CD0FED /* Frameworks */,
				D49702FA2831C89900CD0FED /* CopyFiles */,
			);
			buildRules = (
			);
			dependencies = (
			);
			name = klondike;
			productName = klondike;
			productReference = D49702FC2831C89900CD0FED /* klondike */;
			productType = "com.apple.product-type.tool";
		};
/* End PBXNativeTarget section */

/* Begin PBXProject section */
		D49702F42831C89800CD0FED /* Project object */ = {
			isa = PBXProject;
			attributes = {
				BuildIndependentTargetsInParallel = 1;
				LastUpgradeCheck = 1340;
				TargetAttributes = {
					D49702FB2831C89900CD0FED = {
						CreatedOnToolsVersion = 13.3.1;
					};
				};
			};
			buildConfigurationList = D49702F72831C89800CD0FED /* Build configuration list for PBXProject "klondike" */;
			compatibilityVersion = "Xcode 13.0";
			developmentRegion = en;
			hasScannedForEncodings = 0;
			knownRegions = (
				en,
				Base,
			);
			mainGroup = D49702F32831C89800CD0FED;
			productRefGroup = D49702FD2831C89900CD0FED /* Products */;
			projectDirPath = "";
			projectRoot = "";
			targets = (
				D49702FB2831C89900CD0FED /* klondike */,
			);
		};
/* End PBXProject section */

/* Begin PBXSourcesBuildPhase section */
		D49702F82831C89900CD0FED /* Sources */ = {
			isa = PBXSourcesBuildPhase;
			buildActionMask = 2147483647;
			files = (
				D497030F2832FD4C00CD0FED /* apple_contacts.m in Sources */,
				D47EBB5F2835A6000045A686 /* options.c in Sources */,
				D497031D283311BB00CD0FED /* contacts.c in Sources */,
				D47EBB5C283425130045A686 /* error.c in Sources */,
				D47EBB622835AA680045A686 /* memory.c in Sources */,
				D47EBB652835ED340045A686 /* csv.c in Sources */,
				D497030C2831F27700CD0FED /* main.m in Sources */,
			);
			runOnlyForDeploymentPostprocessing = 0;
		};
/* End PBXSourcesBuildPhase section */

/* Begin XCBuildConfiguration section */
		D49703012831C89900CD0FED /* Debug */ = {
			isa = XCBuildConfiguration;
			buildSettings = {
				ALWAYS_SEARCH_USER_PATHS = NO;
				CLANG_ANALYZER_NONNULL = YES;
				CLANG_ANALYZER_NUMBER_OBJECT_CONVERSION = YES_AGGRESSIVE;
				CLANG_CXX_LANGUAGE_STANDARD = "gnu++17";
				CLANG_ENABLE_MODULES = YES;
				CLANG_ENABLE_OBJC_ARC = YES;
				CLANG_ENABLE_OBJC_WEAK = YES;
				CLANG_WARN_BLOCK_CAPTURE_AUTORELEASING = YES;
				CLANG_WARN_BOOL_CONVERSION = YES;
				CLANG_WARN_COMMA = YES;
				CLANG_WARN_CONSTANT_CONVERSION = YES;
				CLANG_WARN_DEPRECATED_OBJC_IMPLEMENTATIONS = YES;
				CLANG_WARN_DIRECT_OBJC_ISA_USAGE = YES_ERROR;
				CLANG_WARN_DOCUMENTATION_COMMENTS = YES;
				CLANG_WARN_EMPTY_BODY = YES;
				CLANG_WARN_ENUM_CONVERSION = YES;
				CLANG_WARN_INFINITE_RECURSION = YES;
				CLANG_WARN_INT_CONVERSION = YES;
				CLANG_WARN_NON_LITERAL_NULL_CONVERSION = YES;
				CLANG_WARN_OBJC_IMPLICIT_RETAIN_SELF = YES;
				CLANG_WARN_OBJC_LITERAL_CONVERSION = YES;
				CLANG_WARN_OBJC_ROOT_CLASS = YES_ERROR;
				CLANG_WARN_QUOTED_INCLUDE_IN_FRAMEWORK_HEADER = YES;
				CLANG_WARN_RANGE_LOOP_ANALYSIS = YES;
				CLANG_WARN_STRICT_PROTOTYPES = YES;
				CLANG_WARN_SUSPICIOUS_MOVE = YES;
				CLANG_WARN_UNGUARDED_AVAILABILITY = YES_AGGRESSIVE;
				CLANG_WARN_UNREACHABLE_CODE = YES;
				CLANG_WARN__DUPLICATE_METHOD_MATCH = YES;
				COPY_PHASE_STRIP = NO;
				DEBUG_INFORMATION_FORMAT = dwarf;
				ENABLE_STRICT_OBJC_MSGSEND = YES;
				ENABLE_TESTABILITY = YES;
				GCC_C_LANGUAGE_STANDARD = gnu11;
				GCC_DYNAMIC_NO_PIC = NO;
				GCC_NO_COMMON_BLOCKS = YES;
				GCC_OPTIMIZATION_LEVEL = 0;
				GCC_PREPROCESSOR_DEFINITIONS = (
					"DEBUG=1",
					"$(inherited)",
				);
				GCC_WARN_64_TO_32_BIT_CONVERSION = YES;
				GCC_WARN_ABOUT_RETURN_TYPE = YES_ERROR;
				GCC_WARN_UNDECLARED_SELECTOR = YES;
				GCC_WARN_UNINITIALIZED_AUTOS = YES_AGGRESSIVE;
				GCC_WARN_UNUSED_FUNCTION = YES;
				GCC_WARN_UNUSED_VARIABLE = YES;
				MACOSX_DEPLOYMENT_TARGET = 12.0;
				MTL_ENABLE_DEBUG_INFO = INCLUDE_SOURCE;
				MTL_FAST_MATH = YES;
				ONLY_ACTIVE_ARCH = YES;
				SDKROOT = macosx;
			};
			name = Debug;
		};
		D49703022831C89900CD0FED /* Release */ = {
			isa = XCBuildConfiguration;
			buildSettings = {
				ALWAYS_SEARCH_USER_PATHS = NO;
				CLANG_ANALYZER_NONNULL = YES;
				CLANG_ANALYZER_NUMBER_OBJECT_CONVERSION = YES_AGGRESSIVE;
				CLANG_CXX_LANGUAGE_STANDARD = "gnu++17";
				CLANG_ENABLE_MODULES = YES;
				CLANG_ENABLE_OBJC_ARC = YES;
				CLANG_ENABLE_OBJC_WEAK = YES;
				CLANG_WARN_BLOCK_CAPTURE_AUTORELEASING = YES;
				CLANG_WARN_BOOL_CONVERSION = YES;
				CLANG_WARN_COMMA = YES;
				CLANG_WARN_CONSTANT_CONVERSION = YES;
				CLANG_WARN_DEPRECATED_OBJC_IMPLEMENTATIONS = YES;
				CLANG_WARN_DIRECT_OBJC_ISA_USAGE = YES_ERROR;
				CLANG_WARN_DOCUMENTATION_COMMENTS = YES;
				CLANG_WARN_EMPTY_BODY = YES;
				CLANG_WARN_ENUM_CONVERSION = YES;
				CLANG_WARN_INFINITE_RECURSION = YES;
				CLANG_WARN_INT_CONVERSION = YES;
				CLANG_WARN_NON_LITERAL_NULL_CONVERSION = YES;
				CLANG_WARN_OBJC_IMPLICIT_RETAIN_SELF = YES;
				CLANG_WARN_OBJC_LITERAL_CONVERSION = YES;
				CLANG_WARN_OBJC_ROOT_CLASS = YES_ERROR;
				CLANG_WARN_QUOTED_INCLUDE_IN_FRAMEWORK_HEADER = YES;
				CLANG_WARN_RANGE_LOOP_ANALYSIS = YES;
				CLANG_WARN_STRICT_PROTOTYPES = YES;
				CLANG_WARN_SUSPICIOUS_MOVE = YES;
				CLANG_WARN_UNGUARDED_AVAILABILITY = YES_AGGRESSIVE;
				CLANG_WARN_UNREACHABLE_CODE = YES;
				CLANG_WARN__DUPLICATE_METHOD_MATCH = YES;
				COPY_PHASE_STRIP = NO;
				DEBUG_INFORMATION_FORMAT = "dwarf-with-dsym";
				ENABLE_NS_ASSERTIONS = NO;
				ENABLE_STRICT_OBJC_MSGSEND = YES;
				GCC_C_LANGUAGE_STANDARD = gnu11;
				GCC_NO_COMMON_BLOCKS = YES;
				GCC_WARN_64_TO_32_BIT_CONVERSION = YES;
				GCC_WARN_ABOUT_RETURN_TYPE = YES_ERROR;
				GCC_WARN_UNDECLARED_SELECTOR = YES;
				GCC_WARN_UNINITIALIZED_AUTOS = YES_AGGRESSIVE;
				GCC_WARN_UNUSED_FUNCTION = YES;
				GCC_WARN_UNUSED_VARIABLE = YES;
				MACOSX_DEPLOYMENT_TARGET = 12.0;
				MTL_ENABLE_DEBUG_INFO = NO;
				MTL_FAST_MATH = YES;
				SDKROOT = macosx;
			};
			name = Release;
		};
		D49703042831C89900CD0FED /* Debug */ = {
			isa = XCBuildConfiguration;
			buildSettings = {
				CODE_SIGN_ENTITLEMENTS = klondike.entitlements;
				CODE_SIGN_IDENTITY = "-";
				CODE_SIGN_STYLE = Automatic;
				DEVELOPMENT_TEAM = K39VF43BJL;
				ENABLE_HARDENED_RUNTIME = YES;
				PRODUCT_NAME = "$(TARGET_NAME)";
			};
			name = Debug;
		};
		D49703052831C89900CD0FED /* Release */ = {
			isa = XCBuildConfiguration;
			buildSettings = {
				CODE_SIGN_ENTITLEMENTS = klondike.entitlements;
				CODE_SIGN_IDENTITY = "-";
				CODE_SIGN_STYLE = Automatic;
				DEVELOPMENT_TEAM = K39VF43BJL;
				ENABLE_HARDENED_RUNTIME = YES;
				PRODUCT_NAME = "$(TARGET_NAME)";
			};
			name = Release;
		};
/* End XCBuildConfiguration section */

/* Begin XCConfigurationList section */
		D49702F72831C89800CD0FED /* Build configuration list for PBXProject "klondike" */ = {
			isa = XCConfigurationList;
			buildConfigurations = (
				D49703012831C89900CD0FED /* Debug */,
				D49703022831C89900CD0FED /* Release */,
			);
			defaultConfigurationIsVisible = 0;
			defaultConfigurationName = Release;
		};
		D49703032831C89900CD0FED /* Build configuration list for PBXNativeTarget "klondike" */ = {
			isa = XCConfigurationList;
			buildConfigurations = (
				D49703042831C89900CD0FED /* Debug */,
				D49703052831C89900CD0FED /* Release */,
			);
			defaultConfigurationIsVisible = 0;
			defaultConfigurationName = Release;
		};
/* End XCConfigurationList section */
	};
	rootObject = D49702F42831C89800CD0FED /* Project object */;
}
